
Microsoft Visual Studio Solution File, Format Version 12.00
# Visual Studio Version 17
VisualStudioVersion = 17.4.33122.133
MinimumVisualStudioVersion = 10.0.40219.1
Project("{FAE04EC0-301F-11D3-BF4B-00C04F79EFBC}") = "Recursividade-Tabuada", "Recursividade-Tabuada\Recursividade-Tabuada.csproj", "{14F29AC3-372B-41C3-B45B-25FE68268243}"
EndProject
Global
	GlobalSection(SolutionConfigurationPlatforms) = preSolution
		Debug|Any CPU = Debug|Any CPU
		Release|Any CPU = Release|Any CPU
	EndGlobalSection
	GlobalSection(ProjectConfigurationPlatforms) = postSolution
		{14F29AC3-372B-41C3-B45B-25FE68268243}.Debug|Any CPU.ActiveCfg = Debug|Any CPU
		{14F29AC3-372B-41C3-B45B-25FE68268243}.Debug|Any CPU.Build.0 = Debug|Any CPU
		{14F29AC3-372B-41C3-B45B-25FE68268243}.Release|Any CPU.ActiveCfg = Release|Any CPU
		{14F29AC3-372B-41C3-B45B-25FE68268243}.Release|Any CPU.Build.0 = Release|Any CPU
	EndGlobalSection
	GlobalSection(SolutionProperties) = preSolution
		HideSolutionNode = FALSE
	EndGlobalSection
	GlobalSection(ExtensibilityGlobals) = postSolution
		SolutionGuid = {121A771B-C482-488E-A246-844EB909FC4E}
	EndGlobalSection
EndGlobal
